beautifulsoup4==4.15.0
bs4==0.0.2
certifi==2026.5.20
charset-normalizer==3.4.7
colorama==0.4.6
cssselect2==0.9.0
idna==3.18
iniconfig==2.3.0
lxml==6.1.1
numpy==2.4.6
packaging==26.2
pandas==3.0.3
pillow==12.2.0
pluggy==1.6.0
pyarrow==24.0.0
Pygments==2.20.0
PyMuPDF==1.27.2.3
pytest==9.1.0
python-dateutil==2.9.0.post0
reportlab==5.0.0
requests==2.34.2
simplejson==4.1.1
six==1.17.0
soupsieve==2.8.4
svglib==2.0.2
tinycss2==1.5.1
tqdm==4.68.2
tushare==1.4.29
typing_extensions==4.15.0
tzdata==2026.2
urllib3==2.7.0
webencodings==0.5.1
websocket-client==1.9.0
